
Microsoft Visual Studio Solution File, Format Version 12.00
# Visual Studio Version 16
VisualStudioVersion = 16.0.32802.440
MinimumVisualStudioVersion = 10.0.40219.1
Project("{FAE04EC0-301F-11D3-BF4B-00C04F79EFBC}") = "L01_v19", "L01_v19\L01_v19.csproj", "{E2E79EFC-BC46-4A67-8C75-007ECAC75F4F}"
EndProject
Global
	GlobalSection(SolutionConfigurationPlatforms) = preSolution
		Debug|Any CPU = Debug|Any CPU
		Release|Any CPU = Release|Any CPU
	EndGlobalSection
	GlobalSection(ProjectConfigurationPlatforms) = postSolution
		{E2E79EFC-BC46-4A67-8C75-007ECAC75F4F}.Debug|Any CPU.ActiveCfg = Debug|Any CPU
		{E2E79EFC-BC46-4A67-8C75-007ECAC75F4F}.Debug|Any CPU.Build.0 = Debug|Any CPU
		{E2E79EFC-BC46-4A67-8C75-007ECAC75F4F}.Release|Any CPU.ActiveCfg = Release|Any CPU
		{E2E79EFC-BC46-4A67-8C75-007ECAC75F4F}.Release|Any CPU.Build.0 = Release|Any CPU
	EndGlobalSection
	GlobalSection(SolutionProperties) = preSolution
		HideSolutionNode = FALSE
	EndGlobalSection
	GlobalSection(ExtensibilityGlobals) = postSolution
		SolutionGuid = {E57BED7D-6602-4C8F-BC90-AF85750FB9FA}
	EndGlobalSection
EndGlobal
